
Microsoft Visual Studio Solution File, Format Version 12.00
# Visual Studio 15
VisualStudioVersion = 15.0.28307.421
MinimumVisualStudioVersion = 10.0.40219.1
Project("{8BC9CEB8-8B4A-11D0-8D11-00A0C91BC942}") = "OOP", "OOP\OOP.vcxproj", "{9F321C19-7D08-44B2-B73E-3A2E788EBBD7}"
EndProject
Global
	GlobalSection(SolutionConfigurationPlatforms) = preSolution
		Debug|x64 = Debug|x64
		Debug|x86 = Debug|x86
		Release|x64 = Release|x64
		Release|x86 = Release|x86
	EndGlobalSection
	GlobalSection(ProjectConfigurationPlatforms) = postSolution
		{9F321C19-7D08-44B2-B73E-3A2E788EBBD7}.Debug|x64.ActiveCfg = Debug|x64
		{9F321C19-7D08-44B2-B73E-3A2E788EBBD7}.Debug|x64.Build.0 = Debug|x64
		{9F321C19-7D08-44B2-B73E-3A2E788EBBD7}.Debug|x86.ActiveCfg = Debug|Win32
		{9F321C19-7D08-44B2-B73E-3A2E788EBBD7}.Debug|x86.Build.0 = Debug|Win32
		{9F321C19-7D08-44B2-B73E-3A2E788EBBD7}.Release|x64.ActiveCfg = Release|x64
		{9F321C19-7D08-44B2-B73E-3A2E788EBBD7}.Release|x64.Build.0 = Release|x64
		{9F321C19-7D08-44B2-B73E-3A2E788EBBD7}.Release|x86.ActiveCfg = Release|Win32
		{9F321C19-7D08-44B2-B73E-3A2E788EBBD7}.Release|x86.Build.0 = Release|Win32
	EndGlobalSection
	GlobalSection(SolutionProperties) = preSolution
		HideSolutionNode = FALSE
	EndGlobalSection
	GlobalSection(ExtensibilityGlobals) = postSolution
		SolutionGuid = {AC8D612D-267F-450F-ACE3-6486402F4DE9}
	EndGlobalSection
EndGlobal
